
Microsoft Visual Studio Solution File, Format Version 12.00
# Visual Studio Version 16
VisualStudioVersion = 16.0.34031.81
MinimumVisualStudioVersion = 10.0.40219.1
Project("{FAE04EC0-301F-11D3-BF4B-00C04F79EFBC}") = "Tyuiu.BorodulinMS.SprintReview1.TaskReview.V27", "Tyuiu.BorodulinMS.SprintReview1.TaskReview.V27\Tyuiu.BorodulinMS.SprintReview1.TaskReview.V27.csproj", "{4BCE7F4D-B986-457A-BDDA-CF3BD503D506}"
EndProject
Project("{FAE04EC0-301F-11D3-BF4B-00C04F79EFBC}") = "Tyuiu.BorodulinMS.SprintReview1.TaskReview.V27.Lib", "Tyuiu.BorodulinMS.SprintReview1.TaskReview.V27.Lib\Tyuiu.BorodulinMS.SprintReview1.TaskReview.V27.Lib.csproj", "{9A45241E-05E4-4F84-803F-030C4EDC5715}"
EndProject
Project("{FAE04EC0-301F-11D3-BF4B-00C04F79EFBC}") = "Tyuiu.BorodulinMS.SprintReview1.TaskReview.V27.Test", "Tyuiu.BorodulinMS.SprintReview1.TaskReview.V27.Test\Tyuiu.BorodulinMS.SprintReview1.TaskReview.V27.Test.csproj", "{4E4AA4A9-49F5-4D05-AB75-0F2B465BF1E2}"
EndProject
Global
	GlobalSection(SolutionConfigurationPlatforms) = preSolution
		Debug|Any CPU = Debug|Any CPU
		Release|Any CPU = Release|Any CPU
	EndGlobalSection
	GlobalSection(ProjectConfigurationPlatforms) = postSolution
		{4BCE7F4D-B986-457A-BDDA-CF3BD503D506}.Debug|Any CPU.ActiveCfg = Debug|Any CPU
		{4BCE7F4D-B986-457A-BDDA-CF3BD503D506}.Debug|Any CPU.Build.0 = Debug|Any CPU
		{4BCE7F4D-B986-457A-BDDA-CF3BD503D506}.Release|Any CPU.ActiveCfg = Release|Any CPU
		{4BCE7F4D-B986-457A-BDDA-CF3BD503D506}.Release|Any CPU.Build.0 = Release|Any CPU
		{9A45241E-05E4-4F84-803F-030C4EDC5715}.Debug|Any CPU.ActiveCfg = Debug|Any CPU
		{9A45241E-05E4-4F84-803F-030C4EDC5715}.Debug|Any CPU.Build.0 = Debug|Any CPU
		{9A45241E-05E4-4F84-803F-030C4EDC5715}.Release|Any CPU.ActiveCfg = Release|Any CPU
		{9A45241E-05E4-4F84-803F-030C4EDC5715}.Release|Any CPU.Build.0 = Release|Any CPU
		{4E4AA4A9-49F5-4D05-AB75-0F2B465BF1E2}.Debug|Any CPU.ActiveCfg = Debug|Any CPU
		{4E4AA4A9-49F5-4D05-AB75-0F2B465BF1E2}.Debug|Any CPU.Build.0 = Debug|Any CPU
		{4E4AA4A9-49F5-4D05-AB75-0F2B465BF1E2}.Release|Any CPU.ActiveCfg = Release|Any CPU
		{4E4AA4A9-49F5-4D05-AB75-0F2B465BF1E2}.Release|Any CPU.Build.0 = Release|Any CPU
	EndGlobalSection
	GlobalSection(SolutionProperties) = preSolution
		HideSolutionNode = FALSE
	EndGlobalSection
	GlobalSection(ExtensibilityGlobals) = postSolution
		SolutionGuid = {6D94A2B2-8D4A-4329-A6C1-437B267245BA}
	EndGlobalSection
EndGlobal
